{
    "_meta": {
        "hash": {
            "sha256": "dfa560c30e5a729c975de796a5f7e331e10013e6d3119dcac2c511abd5627a9f"
        },
        "host-environment-markers": {
            "implementation_name": "cpython",
            "implementation_version": "3.6.5",
            "os_name": "nt",
            "platform_machine": "AMD64",
            "platform_python_implementation": "CPython",
            "platform_release": "10",
            "platform_system": "Windows",
            "platform_version": "10.0.14393",
            "python_full_version": "3.6.5",
            "python_version": "3.6",
            "sys_platform": "win32"
        },
        "pipfile-spec": 6,
        "requires": {
            "python_version": "3.7"
        },
        "sources": [
            {
                "name": "pypi",
                "url": "https://mirrors.aliyun.com/pypi/simple",
                "verify_ssl": true
            }
        ]
    },
    "default": {
        "alembic": {
            "hashes": [],
            "version": "==1.0.5"
        },
        "blinker": {
            "hashes": [],
            "version": "==1.4"
        },
        "click": {
            "hashes": [],
            "version": "==7.0"
        },
        "flask": {
            "hashes": [],
            "version": "==1.0.2"
        },
        "flask-login": {
            "hashes": [],
            "version": "==0.4.1"
        },
        "flask-migrate": {
            "hashes": [],
            "version": "==2.3.1"
        },
        "flask-moment": {
            "hashes": [],
            "version": "==0.6.0"
        },
        "flask-sqlalchemy": {
            "hashes": [],
            "version": "==2.3.2"
        },
        "flask-whooshee": {
            "hashes": [],
            "version": "==0.6.0"
        },
        "flask-wtf": {
            "hashes": [],
            "version": "==0.14.2"
        },
        "itsdangerous": {
            "hashes": [],
            "version": "==1.1.0"
        },
        "jinja2": {
            "hashes": [],
            "version": "==2.10"
        },
        "mako": {
            "hashes": [],
            "version": "==1.0.7"
        },
        "markupsafe": {
            "hashes": [],
            "version": "==1.1.0"
        },
        "pillow": {
            "hashes": [],
            "version": "==5.4.1"
        },
        "python-dateutil": {
            "hashes": [],
            "version": "==2.7.5"
        },
        "python-dotenv": {
            "hashes": [],
            "version": "==0.10.1"
        },
        "python-editor": {
            "hashes": [],
            "version": "==1.0.3"
        },
        "six": {
            "hashes": [],
            "version": "==1.12.0"
        },
        "sqlalchemy": {
            "hashes": [],
            "version": "==1.2.15"
        },
        "werkzeug": {
            "hashes": [],
            "version": "==0.14.1"
        },
        "whoosh": {
            "hashes": [],
            "version": "==2.7.4"
        },
        "wtforms": {
            "hashes": [],
            "version": "==2.2.1"
        }
    },
    "develop": {}
}
