{
    "_meta": {
        "hash": {
            "sha256": "492a59810ffd10ce208f785fb2ddef781e209a2f7b851040d2cefee32fbc2181"
        },
        "host-environment-markers": {
            "implementation_name": "cpython",
            "implementation_version": "3.6.5",
            "os_name": "nt",
            "platform_machine": "AMD64",
            "platform_python_implementation": "CPython",
            "platform_release": "10",
            "platform_system": "Windows",
            "platform_version": "10.0.14393",
            "python_full_version": "3.6.5",
            "python_version": "3.6",
            "sys_platform": "win32"
        },
        "pipfile-spec": 6,
        "requires": {
            "python_version": "3.7"
        },
        "sources": [
            {
                "name": "pypi",
                "url": "https://mirrors.aliyun.com/pypi/simple",
                "verify_ssl": true
            }
        ]
    },
    "default": {
        "click": {
            "hashes": [],
            "version": "==7.0"
        },
        "flask": {
            "hashes": [],
            "version": "==1.0.2"
        },
        "itsdangerous": {
            "hashes": [],
            "version": "==1.1.0"
        },
        "jinja2": {
            "hashes": [],
            "version": "==2.10"
        },
        "markupsafe": {
            "hashes": [],
            "version": "==1.1.0"
        },
        "werkzeug": {
            "hashes": [],
            "version": "==0.14.1"
        }
    },
    "develop": {}
}
