{
    "_meta": {
        "hash": {
            "sha256": "226240eaa5f825265dcf8c67b5a7c633f4569e0813b61a7e31d5c3bf6ed09cfe"
        },
        "host-environment-markers": {
            "implementation_name": "cpython",
            "implementation_version": "3.6.5",
            "os_name": "nt",
            "platform_machine": "AMD64",
            "platform_python_implementation": "CPython",
            "platform_release": "10",
            "platform_system": "Windows",
            "platform_version": "10.0.14393",
            "python_full_version": "3.6.5",
            "python_version": "3.6",
            "sys_platform": "win32"
        },
        "pipfile-spec": 6,
        "requires": {
            "python_version": "3.7"
        },
        "sources": [
            {
                "name": "pypi",
                "url": "https://mirrors.aliyun.com/pypi/simple",
                "verify_ssl": true
            }
        ]
    },
    "default": {
        "blinker": {
            "hashes": [],
            "version": "==1.4"
        },
        "click": {
            "hashes": [],
            "version": "==7.0"
        },
        "flask": {
            "hashes": [],
            "version": "==1.0.2"
        },
        "flask-login": {
            "hashes": [],
            "version": "==0.4.1"
        },
        "flask-sqlalchemy": {
            "hashes": [],
            "version": "==2.3.2"
        },
        "flask-whooshee": {
            "hashes": [],
            "version": "==0.6.0"
        },
        "itsdangerous": {
            "hashes": [],
            "version": "==1.1.0"
        },
        "jinja2": {
            "hashes": [],
            "version": "==2.10"
        },
        "markupsafe": {
            "hashes": [],
            "version": "==1.1.0"
        },
        "python-dotenv": {
            "hashes": [],
            "version": "==0.10.1"
        },
        "sqlalchemy": {
            "hashes": [],
            "version": "==1.2.15"
        },
        "werkzeug": {
            "hashes": [],
            "version": "==0.14.1"
        },
        "whoosh": {
            "hashes": [],
            "version": "==2.7.4"
        }
    },
    "develop": {}
}
